
Microsoft Visual Studio Solution File, Format Version 12.00
# Visual Studio Version 17
VisualStudioVersion = 17.7.34221.43
MinimumVisualStudioVersion = 10.0.40219.1
Project("{FAE04EC0-301F-11D3-BF4B-00C04F79EFBC}") = "Insistency", "Insistency.csproj", "{6C5F203F-9696-44C9-8D94-294990BB1F1F}"
EndProject
Global
	GlobalSection(SolutionConfigurationPlatforms) = preSolution
		Debug|Any CPU = Debug|Any CPU
		Release|Any CPU = Release|Any CPU
	EndGlobalSection
	GlobalSection(ProjectConfigurationPlatforms) = postSolution
		{6C5F203F-9696-44C9-8D94-294990BB1F1F}.Debug|Any CPU.ActiveCfg = Debug|Any CPU
		{6C5F203F-9696-44C9-8D94-294990BB1F1F}.Debug|Any CPU.Build.0 = Debug|Any CPU
		{6C5F203F-9696-44C9-8D94-294990BB1F1F}.Debug|Any CPU.Deploy.0 = Debug|Any CPU
		{6C5F203F-9696-44C9-8D94-294990BB1F1F}.Release|Any CPU.ActiveCfg = Release|Any CPU
		{6C5F203F-9696-44C9-8D94-294990BB1F1F}.Release|Any CPU.Build.0 = Release|Any CPU
		{6C5F203F-9696-44C9-8D94-294990BB1F1F}.Release|Any CPU.Deploy.0 = Release|Any CPU
	EndGlobalSection
	GlobalSection(SolutionProperties) = preSolution
		HideSolutionNode = FALSE
	EndGlobalSection
	GlobalSection(ExtensibilityGlobals) = postSolution
		SolutionGuid = {90551645-7E31-447A-BEB3-839B48A86F6F}
	EndGlobalSection
EndGlobal
